// !$*UTF8*$!
{
	archiveVersion = 1;
	classes = {
	};
	objectVersion = 46;
	objects = {

/* Begin PBXBuildFile section */
		AC38F05674C1D103E576C57F /* ImageUtilTest.swift in Sources */ = {isa = PBXBuildFile; fileRef = AC38F18124A756E607E43700 /* ImageUtilTest.swift */; };
		AC38F0C23D515E7AD96E9143 /* FSUtil.swift in Sources */ = {isa = PBXBuildFile; fileRef = AC38FCDA9BE999CFA76CF01C /* FSUtil.swift */; };
		AC38F18ED5F275E2F770AAD8 /* ProgressWindow.swift in Sources */ = {isa = PBXBuildFile; fileRef = AC38F2553110E11DBAB8A0F4 /* ProgressWindow.swift */; };
		AC38F1C193FBD9F43E2BCA2F /* FileActions.swift in Sources */ = {isa = PBXBuildFile; fileRef = AC38FDC61BCF91E3AB9EB05B /* FileActions.swift */; };
		AC38F285E59947D859B93289 /* ImageView.swift in Sources */ = {isa = PBXBuildFile; fileRef = AC38FE67C0ED38997B2101B7 /* ImageView.swift */; };
		AC38F386DB7619AA81E64163 /* ProgressWindow.swift in Sources */ = {isa = PBXBuildFile; fileRef = AC38F2553110E11DBAB8A0F4 /* ProgressWindow.swift */; };
		AC38F45BAEA8A45B0C5DD65F /* file@2x.png in Resources */ = {isa = PBXBuildFile; fileRef = AC38FDC484CEA78A41982E6B /* file@2x.png */; };
		AC38F4684A364CDB044F089A /* folder@2x.png in Resources */ = {isa = PBXBuildFile; fileRef = AC38F24E7B251D064C97A8D3 /* folder@2x.png */; };
		AC38F48A0D1421C2F9D7BD3C /* TextView.swift in Sources */ = {isa = PBXBuildFile; fileRef = AC38F3C33D92818793711AA8 /* TextView.swift */; };
		AC38F4A58C4AE4B20D2CA83A /* MainMenu.xib in Resources */ = {isa = PBXBuildFile; fileRef = AC38FE1BD3E955C2DA64D84C /* MainMenu.xib */; };
		AC38F4F18AA53FD552144035 /* FSUtil.swift in Sources */ = {isa = PBXBuildFile; fileRef = AC38FCDA9BE999CFA76CF01C /* FSUtil.swift */; };
		AC38F5E1D55122A5E5654885 /* FileSystemWatcher.swift in Sources */ = {isa = PBXBuildFile; fileRef = AC38FC9D25721E37788FBF75 /* FileSystemWatcher.swift */; };
		AC38F63E29D408E3498FB3D8 /* FileTableView.swift in Sources */ = {isa = PBXBuildFile; fileRef = AC38FBC149F551EECF0DB1CF /* FileTableView.swift */; };
		AC38F67915517DE943BDBE5A /* File.swift in Sources */ = {isa = PBXBuildFile; fileRef = AC38FEE0D27728E97CECD076 /* File.swift */; };
		AC38F6BF5C5FB79C5638C689 /* TestUtil.swift in Sources */ = {isa = PBXBuildFile; fileRef = AC38FB040D8F538045B8573A /* TestUtil.swift */; };
		AC38F6F018EA88AD2C0B10CD /* FileListPaneController.swift in Sources */ = {isa = PBXBuildFile; fileRef = AC38F31B6C3E7DCD7C0C672B /* FileListPaneController.swift */; };
		AC38F6FAEA57A49F76DDB8D2 /* PaneModel.swift in Sources */ = {isa = PBXBuildFile; fileRef = AC38FF4CC5D3FAFF1FEBA357 /* PaneModel.swift */; };
		AC38F7A5CBA0028EB617C2E9 /* FileSystemWatcher.swift in Sources */ = {isa = PBXBuildFile; fileRef = AC38FC9D25721E37788FBF75 /* FileSystemWatcher.swift */; };
		AC38F7B35AD47462915DAB39 /* ImageViewController.swift in Sources */ = {isa = PBXBuildFile; fileRef = AC38F8F1756EA0D8CBB676AC /* ImageViewController.swift */; };
		AC38F7B5F9F1F032425B4BE1 /* .travis.yml in Resources */ = {isa = PBXBuildFile; fileRef = AC38FF51611EF4C9E0CC7057 /* .travis.yml */; };
		AC38F7E2A79BA34A82616466 /* ImageUtil.swift in Sources */ = {isa = PBXBuildFile; fileRef = AC38F518F4D1041D3C02A4F0 /* ImageUtil.swift */; };
		AC38F832E05B3006D6F91ECD /* AppDelegate.swift in Sources */ = {isa = PBXBuildFile; fileRef = AC38F53351AD918D798D6B70 /* AppDelegate.swift */; };
		AC38F882D37B973D50541B68 /* FileTest.swift in Sources */ = {isa = PBXBuildFile; fileRef = AC38FD42274B2966597A2A8C /* FileTest.swift */; };
		AC38F9616FACFC7BFD3B1CF3 /* gRafTests.swift in Sources */ = {isa = PBXBuildFile; fileRef = AC38FF3B68277D075BFFB29B /* gRafTests.swift */; };
		AC38F9D3AB829DD4293EE3F1 /* FileViewController.swift in Sources */ = {isa = PBXBuildFile; fileRef = AC38F72CE0A653B507C6E9EF /* FileViewController.swift */; };
		AC38FA3D0B7A696D85FC37F9 /* File.swift in Sources */ = {isa = PBXBuildFile; fileRef = AC38FEE0D27728E97CECD076 /* File.swift */; };
		AC38FA467122DC4E11725C21 /* folder.png in Resources */ = {isa = PBXBuildFile; fileRef = AC38F6BF180DAFC910AD27B3 /* folder.png */; };
		AC38FA96DD467F10599E56C4 /* TextView.swift in Sources */ = {isa = PBXBuildFile; fileRef = AC38F3C33D92818793711AA8 /* TextView.swift */; };
		AC38FAA83BC73EC224A73F8A /* ImageUtil.swift in Sources */ = {isa = PBXBuildFile; fileRef = AC38F518F4D1041D3C02A4F0 /* ImageUtil.swift */; };
		AC38FAEF5B340C06FF77A2DE /* ImageView.swift in Sources */ = {isa = PBXBuildFile; fileRef = AC38FE67C0ED38997B2101B7 /* ImageView.swift */; };
		AC38FB30B1BCE80EE0B6C54F /* TextUtilTest.swift in Sources */ = {isa = PBXBuildFile; fileRef = AC38F699EE3BD339D6C21D98 /* TextUtilTest.swift */; };
		AC38FB3C8572104EC52BDDB1 /* TextUtil.swift in Sources */ = {isa = PBXBuildFile; fileRef = AC38F397DBDB690C0C1E0940 /* TextUtil.swift */; };
		AC38FB3D93F013E49F110D55 /* Images.xcassets in Resources */ = {isa = PBXBuildFile; fileRef = AC38FA8264F6F362133278A6 /* Images.xcassets */; };
		AC38FB3F662566D407279B0E /* TextViewController.swift in Sources */ = {isa = PBXBuildFile; fileRef = AC38FC80957C950C0D222CA6 /* TextViewController.swift */; };
		AC38FBAA9B3C258296261712 /* PaneController.swift in Sources */ = {isa = PBXBuildFile; fileRef = AC38F26A9C916249546ACFCB /* PaneController.swift */; };
		AC38FBC3682377F9E1BC4464 /* TestUtil.swift in Sources */ = {isa = PBXBuildFile; fileRef = AC38FB040D8F538045B8573A /* TestUtil.swift */; };
		AC38FC66EFC0CC136204D20C /* AppDelegate.swift in Sources */ = {isa = PBXBuildFile; fileRef = AC38F53351AD918D798D6B70 /* AppDelegate.swift */; };
		AC38FC9DDF27F8ECDBE4CC64 /* FileListPaneController.swift in Sources */ = {isa = PBXBuildFile; fileRef = AC38F31B6C3E7DCD7C0C672B /* FileListPaneController.swift */; };
		AC38FCB24784FCC0400A3776 /* FileTableView.swift in Sources */ = {isa = PBXBuildFile; fileRef = AC38FBC149F551EECF0DB1CF /* FileTableView.swift */; };
		AC38FD4109C9C5E3CCC74131 /* PaneController.swift in Sources */ = {isa = PBXBuildFile; fileRef = AC38F26A9C916249546ACFCB /* PaneController.swift */; };
		AC38FD43745AB5FE90FC161B /* PaneModelTest.swift in Sources */ = {isa = PBXBuildFile; fileRef = AC38FE9C679F34E260399A17 /* PaneModelTest.swift */; };
		AC38FD67C502C6CA0F34F1F0 /* file.png in Resources */ = {isa = PBXBuildFile; fileRef = AC38F67418DA8BDC0143F990 /* file.png */; };
		AC38FDA576ABCC50839B3D24 /* FileActions.swift in Sources */ = {isa = PBXBuildFile; fileRef = AC38FDC61BCF91E3AB9EB05B /* FileActions.swift */; };
		AC38FDC4A8F7D8F77CB56FDC /* FileViewController.swift in Sources */ = {isa = PBXBuildFile; fileRef = AC38F72CE0A653B507C6E9EF /* FileViewController.swift */; };
		AC38FDD6A8AB964B48C0AB61 /* .travis.yml in Resources */ = {isa = PBXBuildFile; fileRef = AC38FF51611EF4C9E0CC7057 /* .travis.yml */; };
		AC38FDDFCAD6274725E3729A /* TextUtil.swift in Sources */ = {isa = PBXBuildFile; fileRef = AC38F397DBDB690C0C1E0940 /* TextUtil.swift */; };
		AC38FE1FF917D36646CA186F /* ImageViewController.swift in Sources */ = {isa = PBXBuildFile; fileRef = AC38F8F1756EA0D8CBB676AC /* ImageViewController.swift */; };
		AC38FE49FE48E7D304E0AC19 /* TextViewController.swift in Sources */ = {isa = PBXBuildFile; fileRef = AC38FC80957C950C0D222CA6 /* TextViewController.swift */; };
		AC38FE711E649921E15BB890 /* PaneModel.swift in Sources */ = {isa = PBXBuildFile; fileRef = AC38FF4CC5D3FAFF1FEBA357 /* PaneModel.swift */; };
		AC38FEBD7250862D353DD41F /* FSUtilTest.swift in Sources */ = {isa = PBXBuildFile; fileRef = AC38F5323401723385811EFE /* FSUtilTest.swift */; };
/* End PBXBuildFile section */

/* Begin PBXContainerItemProxy section */
		AC38FBF1C7C7A15C2C30DA17 /* PBXContainerItemProxy */ = {
			isa = PBXContainerItemProxy;
			containerPortal = AC38F68318C43E9238EEFBB5 /* Project object */;
			proxyType = 1;
			remoteGlobalIDString = AC38F9299127AF9BE27868B7;
			remoteInfo = raf;
		};
/* End PBXContainerItemProxy section */

/* Begin PBXFileReference section */
		AC38F154536A0F26957D2B3F /* gRaf.app */ = {isa = PBXFileReference; explicitFileType = wrapper.application; includeInIndex = 0; path = gRaf.app; sourceTree = BUILT_PRODUCTS_DIR; };
		AC38F18124A756E607E43700 /* ImageUtilTest.swift */ = {isa = PBXFileReference; fileEncoding = 4; lastKnownFileType = sourcecode.swift; path = ImageUtilTest.swift; sourceTree = "<group>"; };
		AC38F24E7B251D064C97A8D3 /* folder@2x.png */ = {isa = PBXFileReference; lastKnownFileType = image.png; path = "folder@2x.png"; sourceTree = "<group>"; };
		AC38F2553110E11DBAB8A0F4 /* ProgressWindow.swift */ = {isa = PBXFileReference; fileEncoding = 4; lastKnownFileType = sourcecode.swift; path = ProgressWindow.swift; sourceTree = "<group>"; };
		AC38F26A9C916249546ACFCB /* PaneController.swift */ = {isa = PBXFileReference; fileEncoding = 4; lastKnownFileType = sourcecode.swift; path = PaneController.swift; sourceTree = "<group>"; };
		AC38F31B6C3E7DCD7C0C672B /* FileListPaneController.swift */ = {isa = PBXFileReference; fileEncoding = 4; lastKnownFileType = sourcecode.swift; path = FileListPaneController.swift; sourceTree = "<group>"; };
		AC38F397DBDB690C0C1E0940 /* TextUtil.swift */ = {isa = PBXFileReference; fileEncoding = 4; lastKnownFileType = sourcecode.swift; path = TextUtil.swift; sourceTree = "<group>"; };
		AC38F3C33D92818793711AA8 /* TextView.swift */ = {isa = PBXFileReference; fileEncoding = 4; lastKnownFileType = sourcecode.swift; path = TextView.swift; sourceTree = "<group>"; };
		AC38F4F1C016BA3DDBB30F83 /* Base */ = {isa = PBXFileReference; lastKnownFileType = file.xib; name = Base; path = Base.lproj/MainMenu.xib; sourceTree = "<group>"; };
		AC38F518F4D1041D3C02A4F0 /* ImageUtil.swift */ = {isa = PBXFileReference; fileEncoding = 4; lastKnownFileType = sourcecode.swift; path = ImageUtil.swift; sourceTree = "<group>"; };
		AC38F5323401723385811EFE /* FSUtilTest.swift */ = {isa = PBXFileReference; fileEncoding = 4; lastKnownFileType = sourcecode.swift; path = FSUtilTest.swift; sourceTree = "<group>"; };
		AC38F53351AD918D798D6B70 /* AppDelegate.swift */ = {isa = PBXFileReference; lastKnownFileType = sourcecode.swift; path = AppDelegate.swift; sourceTree = "<group>"; };
		AC38F67418DA8BDC0143F990 /* file.png */ = {isa = PBXFileReference; lastKnownFileType = image.png; path = file.png; sourceTree = "<group>"; };
		AC38F699EE3BD339D6C21D98 /* TextUtilTest.swift */ = {isa = PBXFileReference; fileEncoding = 4; lastKnownFileType = sourcecode.swift; path = TextUtilTest.swift; sourceTree = "<group>"; };
		AC38F6BF180DAFC910AD27B3 /* folder.png */ = {isa = PBXFileReference; lastKnownFileType = image.png; path = folder.png; sourceTree = "<group>"; };
		AC38F72CE0A653B507C6E9EF /* FileViewController.swift */ = {isa = PBXFileReference; fileEncoding = 4; lastKnownFileType = sourcecode.swift; path = FileViewController.swift; sourceTree = "<group>"; };
		AC38F77927A4E2E15AD07808 /* Info.plist */ = {isa = PBXFileReference; lastKnownFileType = text.plist.info; path = Info.plist; sourceTree = "<group>"; };
		AC38F87BAA8557C9439751F1 /* Info.plist */ = {isa = PBXFileReference; lastKnownFileType = text.plist.info; path = Info.plist; sourceTree = "<group>"; };
		AC38F8955443631852ECF0AA /* gRafTests.xctest */ = {isa = PBXFileReference; explicitFileType = wrapper.cfbundle; includeInIndex = 0; path = gRafTests.xctest; sourceTree = BUILT_PRODUCTS_DIR; };
		AC38F8F1756EA0D8CBB676AC /* ImageViewController.swift */ = {isa = PBXFileReference; fileEncoding = 4; lastKnownFileType = sourcecode.swift; path = ImageViewController.swift; sourceTree = "<group>"; };
		AC38FA8264F6F362133278A6 /* Images.xcassets */ = {isa = PBXFileReference; lastKnownFileType = folder.assetcatalog; path = Images.xcassets; sourceTree = "<group>"; };
		AC38FB040D8F538045B8573A /* TestUtil.swift */ = {isa = PBXFileReference; fileEncoding = 4; lastKnownFileType = sourcecode.swift; path = TestUtil.swift; sourceTree = "<group>"; };
		AC38FBC149F551EECF0DB1CF /* FileTableView.swift */ = {isa = PBXFileReference; fileEncoding = 4; lastKnownFileType = sourcecode.swift; path = FileTableView.swift; sourceTree = "<group>"; };
		AC38FC80957C950C0D222CA6 /* TextViewController.swift */ = {isa = PBXFileReference; fileEncoding = 4; lastKnownFileType = sourcecode.swift; path = TextViewController.swift; sourceTree = "<group>"; };
		AC38FC9D25721E37788FBF75 /* FileSystemWatcher.swift */ = {isa = PBXFileReference; fileEncoding = 4; lastKnownFileType = sourcecode.swift; path = FileSystemWatcher.swift; sourceTree = "<group>"; };
		AC38FCDA9BE999CFA76CF01C /* FSUtil.swift */ = {isa = PBXFileReference; fileEncoding = 4; lastKnownFileType = sourcecode.swift; path = FSUtil.swift; sourceTree = "<group>"; };
		AC38FD42274B2966597A2A8C /* FileTest.swift */ = {isa = PBXFileReference; fileEncoding = 4; lastKnownFileType = sourcecode.swift; path = FileTest.swift; sourceTree = "<group>"; };
		AC38FDC484CEA78A41982E6B /* file@2x.png */ = {isa = PBXFileReference; lastKnownFileType = image.png; path = "file@2x.png"; sourceTree = "<group>"; };
		AC38FDC61BCF91E3AB9EB05B /* FileActions.swift */ = {isa = PBXFileReference; fileEncoding = 4; lastKnownFileType = sourcecode.swift; path = FileActions.swift; sourceTree = "<group>"; };
		AC38FE67C0ED38997B2101B7 /* ImageView.swift */ = {isa = PBXFileReference; fileEncoding = 4; lastKnownFileType = sourcecode.swift; path = ImageView.swift; sourceTree = "<group>"; };
		AC38FE9C679F34E260399A17 /* PaneModelTest.swift */ = {isa = PBXFileReference; fileEncoding = 4; lastKnownFileType = sourcecode.swift; path = PaneModelTest.swift; sourceTree = "<group>"; };
		AC38FEE0D27728E97CECD076 /* File.swift */ = {isa = PBXFileReference; fileEncoding = 4; lastKnownFileType = sourcecode.swift; path = File.swift; sourceTree = "<group>"; };
		AC38FF3B68277D075BFFB29B /* gRafTests.swift */ = {isa = PBXFileReference; lastKnownFileType = sourcecode.swift; path = gRafTests.swift; sourceTree = "<group>"; };
		AC38FF4CC5D3FAFF1FEBA357 /* PaneModel.swift */ = {isa = PBXFileReference; fileEncoding = 4; lastKnownFileType = sourcecode.swift; path = PaneModel.swift; sourceTree = "<group>"; };
		AC38FF51611EF4C9E0CC7057 /* .travis.yml */ = {isa = PBXFileReference; lastKnownFileType = file.yml; path = .travis.yml; sourceTree = "<group>"; };
/* End PBXFileReference section */

/* Begin PBXFrameworksBuildPhase section */
		AC38F8B246B37757C7DC25E9 /* Frameworks */ = {
			isa = PBXFrameworksBuildPhase;
			buildActionMask = 2147483647;
			files = (
			);
			runOnlyForDeploymentPostprocessing = 0;
		};
		AC38F8BBBB29416BED19AC12 /* Frameworks */ = {
			isa = PBXFrameworksBuildPhase;
			buildActionMask = 2147483647;
			files = (
			);
			runOnlyForDeploymentPostprocessing = 0;
		};
/* End PBXFrameworksBuildPhase section */

/* Begin PBXGroup section */
		AC38F2C53789B0A0A8D0128A /* Util */ = {
			isa = PBXGroup;
			children = (
				AC38F397DBDB690C0C1E0940 /* TextUtil.swift */,
				AC38F518F4D1041D3C02A4F0 /* ImageUtil.swift */,
			);
			path = Util;
			sourceTree = "<group>";
		};
		AC38F368B3AAF898AAC7B480 /* Controllers */ = {
			isa = PBXGroup;
			children = (
				AC38F26A9C916249546ACFCB /* PaneController.swift */,
				AC38F31B6C3E7DCD7C0C672B /* FileListPaneController.swift */,
				AC38FC80957C950C0D222CA6 /* TextViewController.swift */,
				AC38F8F1756EA0D8CBB676AC /* ImageViewController.swift */,
				AC38F72CE0A653B507C6E9EF /* FileViewController.swift */,
			);
			path = Controllers;
			sourceTree = "<group>";
		};
		AC38F42062C6786F5D56AE5B /* FS */ = {
			isa = PBXGroup;
			children = (
				AC38FCDA9BE999CFA76CF01C /* FSUtil.swift */,
				AC38FC9D25721E37788FBF75 /* FileSystemWatcher.swift */,
			);
			path = FS;
			sourceTree = "<group>";
		};
		AC38F608F8ABB0DE57663C1C /* Products */ = {
			isa = PBXGroup;
			children = (
				AC38F154536A0F26957D2B3F /* gRaf.app */,
				AC38F8955443631852ECF0AA /* gRafTests.xctest */,
			);
			name = Products;
			sourceTree = "<group>";
		};
		AC38F8533B39978FD8E7921B /* Model */ = {
			isa = PBXGroup;
			children = (
				AC38FE9C679F34E260399A17 /* PaneModelTest.swift */,
				AC38FD42274B2966597A2A8C /* FileTest.swift */,
			);
			path = Model;
			sourceTree = "<group>";
		};
		AC38F8D3DC782359797D051B /* Supporting Files */ = {
			isa = PBXGroup;
			children = (
				AC38F87BAA8557C9439751F1 /* Info.plist */,
			);
			name = "Supporting Files";
			sourceTree = "<group>";
		};
		AC38F9210EEAECEE88B9952E /* Resources */ = {
			isa = PBXGroup;
			children = (
				AC38FE787716BB32DC9E0789 /* Images */,
			);
			path = Resources;
			sourceTree = "<group>";
		};
		AC38F9B05FD12E448DD506D9 /* gRaf */ = {
			isa = PBXGroup;
			children = (
				AC38FCC011230328CA47FE8B /* Supporting Files */,
				AC38FA8264F6F362133278A6 /* Images.xcassets */,
				AC38F53351AD918D798D6B70 /* AppDelegate.swift */,
				AC38FE1BD3E955C2DA64D84C /* MainMenu.xib */,
				AC38FFB08D926FBBB2CB03DE /* Models */,
				AC38F42062C6786F5D56AE5B /* FS */,
				AC38F368B3AAF898AAC7B480 /* Controllers */,
				AC38F9210EEAECEE88B9952E /* Resources */,
				AC38FA96369ACF74F8EF995D /* Views */,
				AC38FB346DBDE5008170F375 /* Actions */,
				AC38F2C53789B0A0A8D0128A /* Util */,
			);
			path = gRaf;
			sourceTree = "<group>";
		};
		AC38FA96369ACF74F8EF995D /* Views */ = {
			isa = PBXGroup;
			children = (
				AC38F2553110E11DBAB8A0F4 /* ProgressWindow.swift */,
				AC38F3C33D92818793711AA8 /* TextView.swift */,
				AC38FBC149F551EECF0DB1CF /* FileTableView.swift */,
				AC38FE67C0ED38997B2101B7 /* ImageView.swift */,
			);
			path = Views;
			sourceTree = "<group>";
		};
		AC38FAB0DD93EE191E92CB09 /* Util */ = {
			isa = PBXGroup;
			children = (
				AC38F699EE3BD339D6C21D98 /* TextUtilTest.swift */,
				AC38F18124A756E607E43700 /* ImageUtilTest.swift */,
			);
			path = Util;
			sourceTree = "<group>";
		};
		AC38FB346DBDE5008170F375 /* Actions */ = {
			isa = PBXGroup;
			children = (
				AC38FDC61BCF91E3AB9EB05B /* FileActions.swift */,
			);
			path = Actions;
			sourceTree = "<group>";
		};
		AC38FB36158B8F31922BA8CC = {
			isa = PBXGroup;
			children = (
				AC38F608F8ABB0DE57663C1C /* Products */,
				AC38F9B05FD12E448DD506D9 /* gRaf */,
				AC38FBC3CACF3C9E3B872363 /* gRafTests */,
				AC38FF51611EF4C9E0CC7057 /* .travis.yml */,
			);
			sourceTree = "<group>";
		};
		AC38FBC3CACF3C9E3B872363 /* gRafTests */ = {
			isa = PBXGroup;
			children = (
				AC38F8D3DC782359797D051B /* Supporting Files */,
				AC38FF3B68277D075BFFB29B /* gRafTests.swift */,
				AC38F5323401723385811EFE /* FSUtilTest.swift */,
				AC38FB040D8F538045B8573A /* TestUtil.swift */,
				AC38FAB0DD93EE191E92CB09 /* Util */,
				AC38F8533B39978FD8E7921B /* Model */,
			);
			path = gRafTests;
			sourceTree = "<group>";
		};
		AC38FCC011230328CA47FE8B /* Supporting Files */ = {
			isa = PBXGroup;
			children = (
				AC38F77927A4E2E15AD07808 /* Info.plist */,
			);
			name = "Supporting Files";
			sourceTree = "<group>";
		};
		AC38FE787716BB32DC9E0789 /* Images */ = {
			isa = PBXGroup;
			children = (
				AC38F24E7B251D064C97A8D3 /* folder@2x.png */,
				AC38F6BF180DAFC910AD27B3 /* folder.png */,
				AC38FDC484CEA78A41982E6B /* file@2x.png */,
				AC38F67418DA8BDC0143F990 /* file.png */,
			);
			path = Images;
			sourceTree = "<group>";
		};
		AC38FFB08D926FBBB2CB03DE /* Models */ = {
			isa = PBXGroup;
			children = (
				AC38FF4CC5D3FAFF1FEBA357 /* PaneModel.swift */,
				AC38FEE0D27728E97CECD076 /* File.swift */,
			);
			path = Models;
			sourceTree = "<group>";
		};
/* End PBXGroup section */

/* Begin PBXNativeTarget section */
		AC38F49DE5A7735F1E9FB249 /* gRafTests */ = {
			isa = PBXNativeTarget;
			buildConfigurationList = AC38F9F32034760D3B7CEE9E /* Build configuration list for PBXNativeTarget "gRafTests" */;
			buildPhases = (
				AC38F3D9D9A2C1F38399703C /* Sources */,
				AC38F8BBBB29416BED19AC12 /* Frameworks */,
				AC38F9059AEB89C981D2C60B /* Resources */,
			);
			buildRules = (
			);
			dependencies = (
				AC38FC1E98AEB4FE062DB575 /* PBXTargetDependency */,
			);
			name = gRafTests;
			productName = gRafTests;
			productReference = AC38F8955443631852ECF0AA /* gRafTests.xctest */;
			productType = "com.apple.product-type.bundle.unit-test";
		};
		AC38F9299127AF9BE27868B7 /* gRaf */ = {
			isa = PBXNativeTarget;
			buildConfigurationList = AC38FC8183DB7BF807F82819 /* Build configuration list for PBXNativeTarget "gRaf" */;
			buildPhases = (
				AC38F63B949A5AE2F7295B76 /* Sources */,
				AC38F8B246B37757C7DC25E9 /* Frameworks */,
				AC38F67B0BC2A0CC3C0EA945 /* Resources */,
			);
			buildRules = (
			);
			dependencies = (
			);
			name = gRaf;
			productName = gRaf;
			productReference = AC38F154536A0F26957D2B3F /* gRaf.app */;
			productType = "com.apple.product-type.application";
		};
/* End PBXNativeTarget section */

/* Begin PBXProject section */
		AC38F68318C43E9238EEFBB5 /* Project object */ = {
			isa = PBXProject;
			attributes = {
				LastSwiftMigration = 0700;
				LastSwiftUpdateCheck = 0700;
				ORGANIZATIONNAME = "Andrey Vokin";
				TargetAttributes = {
					AC38F49DE5A7735F1E9FB249 = {
						LastSwiftMigration = 0800;
					};
					AC38F9299127AF9BE27868B7 = {
						LastSwiftMigration = 0800;
					};
				};
			};
			buildConfigurationList = AC38F4802E3A6F95F65FEAAC /* Build configuration list for PBXProject "gRaf" */;
			compatibilityVersion = "Xcode 3.2";
			developmentRegion = English;
			hasScannedForEncodings = 0;
			knownRegions = (
				en,
			);
			mainGroup = AC38FB36158B8F31922BA8CC;
			productRefGroup = AC38F608F8ABB0DE57663C1C /* Products */;
			projectDirPath = "";
			projectRoot = "";
			targets = (
				AC38F9299127AF9BE27868B7 /* gRaf */,
				AC38F49DE5A7735F1E9FB249 /* gRafTests */,
			);
		};
/* End PBXProject section */

/* Begin PBXResourcesBuildPhase section */
		AC38F67B0BC2A0CC3C0EA945 /* Resources */ = {
			isa = PBXResourcesBuildPhase;
			buildActionMask = 2147483647;
			files = (
				AC38FB3D93F013E49F110D55 /* Images.xcassets in Resources */,
				AC38F4A58C4AE4B20D2CA83A /* MainMenu.xib in Resources */,
				AC38F4684A364CDB044F089A /* folder@2x.png in Resources */,
				AC38FA467122DC4E11725C21 /* folder.png in Resources */,
				AC38F45BAEA8A45B0C5DD65F /* file@2x.png in Resources */,
				AC38FD67C502C6CA0F34F1F0 /* file.png in Resources */,
				AC38FDD6A8AB964B48C0AB61 /* .travis.yml in Resources */,
			);
			runOnlyForDeploymentPostprocessing = 0;
		};
		AC38F9059AEB89C981D2C60B /* Resources */ = {
			isa = PBXResourcesBuildPhase;
			buildActionMask = 2147483647;
			files = (
				AC38F7B5F9F1F032425B4BE1 /* .travis.yml in Resources */,
			);
			runOnlyForDeploymentPostprocessing = 0;
		};
/* End PBXResourcesBuildPhase section */

/* Begin PBXSourcesBuildPhase section */
		AC38F3D9D9A2C1F38399703C /* Sources */ = {
			isa = PBXSourcesBuildPhase;
			buildActionMask = 2147483647;
			files = (
				AC38F9616FACFC7BFD3B1CF3 /* gRafTests.swift in Sources */,
				AC38FEBD7250862D353DD41F /* FSUtilTest.swift in Sources */,
				AC38F0C23D515E7AD96E9143 /* FSUtil.swift in Sources */,
				AC38F6FAEA57A49F76DDB8D2 /* PaneModel.swift in Sources */,
				AC38FD4109C9C5E3CCC74131 /* PaneController.swift in Sources */,
				AC38F67915517DE943BDBE5A /* File.swift in Sources */,
				AC38F386DB7619AA81E64163 /* ProgressWindow.swift in Sources */,
				AC38F1C193FBD9F43E2BCA2F /* FileActions.swift in Sources */,
				AC38F6BF5C5FB79C5638C689 /* TestUtil.swift in Sources */,
				AC38FB3C8572104EC52BDDB1 /* TextUtil.swift in Sources */,
				AC38FB30B1BCE80EE0B6C54F /* TextUtilTest.swift in Sources */,
				AC38FD43745AB5FE90FC161B /* PaneModelTest.swift in Sources */,
				AC38F6F018EA88AD2C0B10CD /* FileListPaneController.swift in Sources */,
				AC38FE49FE48E7D304E0AC19 /* TextViewController.swift in Sources */,
				AC38F48A0D1421C2F9D7BD3C /* TextView.swift in Sources */,
				AC38F832E05B3006D6F91ECD /* AppDelegate.swift in Sources */,
				AC38F882D37B973D50541B68 /* FileTest.swift in Sources */,
				AC38F63E29D408E3498FB3D8 /* FileTableView.swift in Sources */,
				AC38F7B35AD47462915DAB39 /* ImageViewController.swift in Sources */,
				AC38FDC4A8F7D8F77CB56FDC /* FileViewController.swift in Sources */,
				AC38F7E2A79BA34A82616466 /* ImageUtil.swift in Sources */,
				AC38F05674C1D103E576C57F /* ImageUtilTest.swift in Sources */,
				AC38F285E59947D859B93289 /* ImageView.swift in Sources */,
				AC38F5E1D55122A5E5654885 /* FileSystemWatcher.swift in Sources */,
			);
			runOnlyForDeploymentPostprocessing = 0;
		};
		AC38F63B949A5AE2F7295B76 /* Sources */ = {
			isa = PBXSourcesBuildPhase;
			buildActionMask = 2147483647;
			files = (
				AC38FC66EFC0CC136204D20C /* AppDelegate.swift in Sources */,
				AC38F4F18AA53FD552144035 /* FSUtil.swift in Sources */,
				AC38FE711E649921E15BB890 /* PaneModel.swift in Sources */,
				AC38FBAA9B3C258296261712 /* PaneController.swift in Sources */,
				AC38FA3D0B7A696D85FC37F9 /* File.swift in Sources */,
				AC38F18ED5F275E2F770AAD8 /* ProgressWindow.swift in Sources */,
				AC38FDA576ABCC50839B3D24 /* FileActions.swift in Sources */,
				AC38FBC3682377F9E1BC4464 /* TestUtil.swift in Sources */,
				AC38FDDFCAD6274725E3729A /* TextUtil.swift in Sources */,
				AC38FC9DDF27F8ECDBE4CC64 /* FileListPaneController.swift in Sources */,
				AC38FB3F662566D407279B0E /* TextViewController.swift in Sources */,
				AC38FA96DD467F10599E56C4 /* TextView.swift in Sources */,
				AC38FCB24784FCC0400A3776 /* FileTableView.swift in Sources */,
				AC38FE1FF917D36646CA186F /* ImageViewController.swift in Sources */,
				AC38F9D3AB829DD4293EE3F1 /* FileViewController.swift in Sources */,
				AC38FAA83BC73EC224A73F8A /* ImageUtil.swift in Sources */,
				AC38FAEF5B340C06FF77A2DE /* ImageView.swift in Sources */,
				AC38F7A5CBA0028EB617C2E9 /* FileSystemWatcher.swift in Sources */,
			);
			runOnlyForDeploymentPostprocessing = 0;
		};
/* End PBXSourcesBuildPhase section */

/* Begin PBXTargetDependency section */
		AC38FC1E98AEB4FE062DB575 /* PBXTargetDependency */ = {
			isa = PBXTargetDependency;
			target = AC38F9299127AF9BE27868B7 /* gRaf */;
			targetProxy = AC38FBF1C7C7A15C2C30DA17 /* PBXContainerItemProxy */;
		};
/* End PBXTargetDependency section */

/* Begin PBXVariantGroup section */
		AC38FE1BD3E955C2DA64D84C /* MainMenu.xib */ = {
			isa = PBXVariantGroup;
			children = (
				AC38F4F1C016BA3DDBB30F83 /* Base */,
			);
			name = MainMenu.xib;
			sourceTree = "<group>";
		};
/* End PBXVariantGroup section */

/* Begin XCBuildConfiguration section */
		AC38F63F096EE14B2E1BE95F /* Debug */ = {
			isa = XCBuildConfiguration;
			buildSettings = {
				ASSETCATALOG_COMPILER_APPICON_NAME = AppIcon;
				COMBINE_HIDPI_IMAGES = YES;
				INFOPLIST_FILE = gRaf/Info.plist;
				LD_RUNPATH_SEARCH_PATHS = "$(inherited) @executable_path/../Frameworks";
				PRODUCT_NAME = gRaf;
				SWIFT_VERSION = 3.0;
			};
			name = Debug;
		};
		AC38F6B9A11535E00319FDCE /* Release */ = {
			isa = XCBuildConfiguration;
			buildSettings = {
				BUNDLE_LOADER = "$(BUILT_PRODUCTS_DIR)/gRaf.app/Contents/MacOS/gRaf";
				COMBINE_HIDPI_IMAGES = YES;
				FRAMEWORK_SEARCH_PATHS = (
					"$(DEVELOPER_FRAMEWORKS_DIR)",
					"$(inherited)",
				);
				INFOPLIST_FILE = gRafTests/Info.plist;
				LD_RUNPATH_SEARCH_PATHS = "$(inherited) @executable_path/../Frameworks @loader_path/../Frameworks";
				PRODUCT_NAME = gRafTests;
				SWIFT_VERSION = 3.0;
				TEST_HOST = "$(BUNDLE_LOADER)";
			};
			name = Release;
		};
		AC38F8649E7BB727FB51BEB5 /* Debug */ = {
			isa = XCBuildConfiguration;
			buildSettings = {
				ALWAYS_SEARCH_USER_PATHS = NO;
				CLANG_CXX_LANGUAGE_STANDARD = "gnu++0x";
				CLANG_CXX_LIBRARY = "libc++";
				CLANG_ENABLE_MODULES = YES;
				CLANG_ENABLE_OBJC_ARC = YES;
				CLANG_WARN_BOOL_CONVERSION = YES;
				CLANG_WARN_CONSTANT_CONVERSION = YES;
				CLANG_WARN_DIRECT_OBJC_ISA_USAGE = YES_ERROR;
				CLANG_WARN_EMPTY_BODY = YES;
				CLANG_WARN_ENUM_CONVERSION = YES;
				CLANG_WARN_INT_CONVERSION = YES;
				CLANG_WARN_OBJC_ROOT_CLASS = YES_ERROR;
				CLANG_WARN_UNREACHABLE_CODE = YES;
				CLANG_WARN__DUPLICATE_METHOD_MATCH = YES;
				CODE_SIGN_IDENTITY = "-";
				COPY_PHASE_STRIP = NO;
				DEBUG_INFORMATION_FORMAT = dwarf;
				ENABLE_STRICT_OBJC_MSGSEND = YES;
				GCC_C_LANGUAGE_STANDARD = gnu99;
				GCC_DYNAMIC_NO_PIC = NO;
				GCC_NO_COMMON_BLOCKS = YES;
				GCC_OPTIMIZATION_LEVEL = 0;
				GCC_PREPROCESSOR_DEFINITIONS = (
					"DEBUG=1",
					"$(inherited)",
				);
				GCC_SYMBOLS_PRIVATE_EXTERN = NO;
				GCC_WARN_64_TO_32_BIT_CONVERSION = YES;
				GCC_WARN_ABOUT_RETURN_TYPE = YES_ERROR;
				GCC_WARN_UNDECLARED_SELECTOR = YES;
				GCC_WARN_UNINITIALIZED_AUTOS = YES_AGGRESSIVE;
				GCC_WARN_UNUSED_FUNCTION = YES;
				GCC_WARN_UNUSED_VARIABLE = YES;
				MACOSX_DEPLOYMENT_TARGET = 10.10;
				MTL_ENABLE_DEBUG_INFO = YES;
				ONLY_ACTIVE_ARCH = YES;
				SDKROOT = macosx;
				SWIFT_OPTIMIZATION_LEVEL = "-Onone";
			};
			name = Debug;
		};
		AC38FB44137E2372F981E8DC /* Release */ = {
			isa = XCBuildConfiguration;
			buildSettings = {
				ASSETCATALOG_COMPILER_APPICON_NAME = AppIcon;
				COMBINE_HIDPI_IMAGES = YES;
				INFOPLIST_FILE = gRaf/Info.plist;
				LD_RUNPATH_SEARCH_PATHS = "$(inherited) @executable_path/../Frameworks";
				PRODUCT_NAME = gRaf;
				SWIFT_VERSION = 3.0;
			};
			name = Release;
		};
		AC38FBEB77EE369BFB9FEE19 /* Release */ = {
			isa = XCBuildConfiguration;
			buildSettings = {
				ALWAYS_SEARCH_USER_PATHS = NO;
				CLANG_CXX_LANGUAGE_STANDARD = "gnu++0x";
				CLANG_CXX_LIBRARY = "libc++";
				CLANG_ENABLE_MODULES = YES;
				CLANG_ENABLE_OBJC_ARC = YES;
				CLANG_WARN_BOOL_CONVERSION = YES;
				CLANG_WARN_CONSTANT_CONVERSION = YES;
				CLANG_WARN_DIRECT_OBJC_ISA_USAGE = YES_ERROR;
				CLANG_WARN_EMPTY_BODY = YES;
				CLANG_WARN_ENUM_CONVERSION = YES;
				CLANG_WARN_INT_CONVERSION = YES;
				CLANG_WARN_OBJC_ROOT_CLASS = YES_ERROR;
				CLANG_WARN_UNREACHABLE_CODE = YES;
				CLANG_WARN__DUPLICATE_METHOD_MATCH = YES;
				CODE_SIGN_IDENTITY = "-";
				COPY_PHASE_STRIP = NO;
				DEBUG_INFORMATION_FORMAT = "dwarf-with-dsym";
				ENABLE_NS_ASSERTIONS = NO;
				ENABLE_STRICT_OBJC_MSGSEND = YES;
				GCC_C_LANGUAGE_STANDARD = gnu99;
				GCC_NO_COMMON_BLOCKS = YES;
				GCC_WARN_64_TO_32_BIT_CONVERSION = YES;
				GCC_WARN_ABOUT_RETURN_TYPE = YES_ERROR;
				GCC_WARN_UNDECLARED_SELECTOR = YES;
				GCC_WARN_UNINITIALIZED_AUTOS = YES_AGGRESSIVE;
				GCC_WARN_UNUSED_FUNCTION = YES;
				GCC_WARN_UNUSED_VARIABLE = YES;
				MACOSX_DEPLOYMENT_TARGET = 10.10;
				MTL_ENABLE_DEBUG_INFO = NO;
				SDKROOT = macosx;
			};
			name = Release;
		};
		AC38FDFED94F64F28338CE8C /* Debug */ = {
			isa = XCBuildConfiguration;
			buildSettings = {
				BUNDLE_LOADER = "$(BUILT_PRODUCTS_DIR)/gRaf.app/Contents/MacOS/gRaf";
				COMBINE_HIDPI_IMAGES = YES;
				FRAMEWORK_SEARCH_PATHS = (
					"$(DEVELOPER_FRAMEWORKS_DIR)",
					"$(inherited)",
				);
				INFOPLIST_FILE = gRafTests/Info.plist;
				LD_RUNPATH_SEARCH_PATHS = "$(inherited) @executable_path/../Frameworks @loader_path/../Frameworks";
				PRODUCT_NAME = gRafTests;
				SWIFT_VERSION = 3.0;
				TEST_HOST = "$(BUNDLE_LOADER)";
			};
			name = Debug;
		};
/* End XCBuildConfiguration section */

/* Begin XCConfigurationList section */
		AC38F4802E3A6F95F65FEAAC /* Build configuration list for PBXProject "gRaf" */ = {
			isa = XCConfigurationList;
			buildConfigurations = (
				AC38F8649E7BB727FB51BEB5 /* Debug */,
				AC38FBEB77EE369BFB9FEE19 /* Release */,
			);
			defaultConfigurationIsVisible = 0;
			defaultConfigurationName = Release;
		};
		AC38F9F32034760D3B7CEE9E /* Build configuration list for PBXNativeTarget "gRafTests" */ = {
			isa = XCConfigurationList;
			buildConfigurations = (
				AC38FDFED94F64F28338CE8C /* Debug */,
				AC38F6B9A11535E00319FDCE /* Release */,
			);
			defaultConfigurationIsVisible = 0;
			defaultConfigurationName = Release;
		};
		AC38FC8183DB7BF807F82819 /* Build configuration list for PBXNativeTarget "gRaf" */ = {
			isa = XCConfigurationList;
			buildConfigurations = (
				AC38F63F096EE14B2E1BE95F /* Debug */,
				AC38FB44137E2372F981E8DC /* Release */,
			);
			defaultConfigurationIsVisible = 0;
			defaultConfigurationName = Release;
		};
/* End XCConfigurationList section */
	};
	rootObject = AC38F68318C43E9238EEFBB5 /* Project object */;
}
